
Microsoft Visual Studio Solution File, Format Version 12.00
# Visual Studio Version 17
VisualStudioVersion = 17.10.35013.160
MinimumVisualStudioVersion = 10.0.40219.1
Project("{FAE04EC0-301F-11D3-BF4B-00C04F79EFBC}") = "TicTacToe", "TicTacToe\TicTacToe.csproj", "{FD23C07D-CFA0-43A3-9C37-14FE2714C172}"
EndProject
Project("{FAE04EC0-301F-11D3-BF4B-00C04F79EFBC}") = "ClienteTicTacToe", "ClienteTicTacToe\ClienteTicTacToe.csproj", "{42D86447-F084-464C-AB2F-158610492911}"
	ProjectSection(ProjectDependencies) = postProject
		{FD23C07D-CFA0-43A3-9C37-14FE2714C172} = {FD23C07D-CFA0-43A3-9C37-14FE2714C172}
	EndProjectSection
EndProject
Global
	GlobalSection(SolutionConfigurationPlatforms) = preSolution
		Debug|Any CPU = Debug|Any CPU
		Release|Any CPU = Release|Any CPU
	EndGlobalSection
	GlobalSection(ProjectConfigurationPlatforms) = postSolution
		{FD23C07D-CFA0-43A3-9C37-14FE2714C172}.Debug|Any CPU.ActiveCfg = Debug|Any CPU
		{FD23C07D-CFA0-43A3-9C37-14FE2714C172}.Debug|Any CPU.Build.0 = Debug|Any CPU
		{FD23C07D-CFA0-43A3-9C37-14FE2714C172}.Release|Any CPU.ActiveCfg = Release|Any CPU
		{FD23C07D-CFA0-43A3-9C37-14FE2714C172}.Release|Any CPU.Build.0 = Release|Any CPU
		{42D86447-F084-464C-AB2F-158610492911}.Debug|Any CPU.ActiveCfg = Debug|Any CPU
		{42D86447-F084-464C-AB2F-158610492911}.Debug|Any CPU.Build.0 = Debug|Any CPU
		{42D86447-F084-464C-AB2F-158610492911}.Release|Any CPU.ActiveCfg = Release|Any CPU
		{42D86447-F084-464C-AB2F-158610492911}.Release|Any CPU.Build.0 = Release|Any CPU
	EndGlobalSection
	GlobalSection(SolutionProperties) = preSolution
		HideSolutionNode = FALSE
	EndGlobalSection
	GlobalSection(ExtensibilityGlobals) = postSolution
		SolutionGuid = {08FE30CA-DD70-4C0F-8F1F-BEE9B6E6F407}
	EndGlobalSection
EndGlobal
